// !$*UTF8*$!
{
	archiveVersion = 1;
	classes = {
	};
	objectVersion = 55;
	objects = {

/* Begin PBXBuildFile section */
		570AFDAC28AF811400EDC9C6 /* UITextField_Extension.swift in Sources */ = {isa = PBXBuildFile; fileRef = 570AFDAB28AF811400EDC9C6 /* UITextField_Extension.swift */; };
		570AFDAE28AFA84C00EDC9C6 /* SolverFunctions.swift in Sources */ = {isa = PBXBuildFile; fileRef = 570AFDAD28AFA84C00EDC9C6 /* SolverFunctions.swift */; };
		5757B1B628ACDB0300B5A60D /* AppDelegate.swift in Sources */ = {isa = PBXBuildFile; fileRef = 5757B1B528ACDB0300B5A60D /* AppDelegate.swift */; };
		5757B1B828ACDB0300B5A60D /* SceneDelegate.swift in Sources */ = {isa = PBXBuildFile; fileRef = 5757B1B728ACDB0300B5A60D /* SceneDelegate.swift */; };
		5757B1BA28ACDB0300B5A60D /* SolverViewController.swift in Sources */ = {isa = PBXBuildFile; fileRef = 5757B1B928ACDB0300B5A60D /* SolverViewController.swift */; };
		5757B1BD28ACDB0300B5A60D /* Main.storyboard in Resources */ = {isa = PBXBuildFile; fileRef = 5757B1BB28ACDB0300B5A60D /* Main.storyboard */; };
		5757B1C228ACDB0400B5A60D /* LaunchScreen.storyboard in Resources */ = {isa = PBXBuildFile; fileRef = 5757B1C028ACDB0400B5A60D /* LaunchScreen.storyboard */; };
		5757B1CF28ACDBDA00B5A60D /* Triangle.swift in Sources */ = {isa = PBXBuildFile; fileRef = 5757B1CE28ACDBDA00B5A60D /* Triangle.swift */; };
		5771FD7D28AFCCE500D18AC7 /* ResultsViewController.swift in Sources */ = {isa = PBXBuildFile; fileRef = 5771FD7C28AFCCE500D18AC7 /* ResultsViewController.swift */; };
		5798EA4D28AE2128009BC07B /* SolverModel.swift in Sources */ = {isa = PBXBuildFile; fileRef = 5798EA4C28AE2128009BC07B /* SolverModel.swift */; };
		5798EA4F28AE7D10009BC07B /* Assets.xcassets in Resources */ = {isa = PBXBuildFile; fileRef = 5798EA4E28AE7D10009BC07B /* Assets.xcassets */; };
/* End PBXBuildFile section */

/* Begin PBXFileReference section */
		570AFDAB28AF811400EDC9C6 /* UITextField_Extension.swift */ = {isa = PBXFileReference; lastKnownFileType = sourcecode.swift; path = UITextField_Extension.swift; sourceTree = "<group>"; };
		570AFDAD28AFA84C00EDC9C6 /* SolverFunctions.swift */ = {isa = PBXFileReference; lastKnownFileType = sourcecode.swift; path = SolverFunctions.swift; sourceTree = "<group>"; };
		5757B1B228ACDB0300B5A60D /* TriangleSolverApp.app */ = {isa = PBXFileReference; explicitFileType = wrapper.application; includeInIndex = 0; path = TriangleSolverApp.app; sourceTree = BUILT_PRODUCTS_DIR; };
		5757B1B528ACDB0300B5A60D /* AppDelegate.swift */ = {isa = PBXFileReference; lastKnownFileType = sourcecode.swift; path = AppDelegate.swift; sourceTree = "<group>"; };
		5757B1B728ACDB0300B5A60D /* SceneDelegate.swift */ = {isa = PBXFileReference; lastKnownFileType = sourcecode.swift; path = SceneDelegate.swift; sourceTree = "<group>"; };
		5757B1B928ACDB0300B5A60D /* SolverViewController.swift */ = {isa = PBXFileReference; lastKnownFileType = sourcecode.swift; path = SolverViewController.swift; sourceTree = "<group>"; };
		5757B1BC28ACDB0300B5A60D /* Base */ = {isa = PBXFileReference; lastKnownFileType = file.storyboard; name = Base; path = Base.lproj/Main.storyboard; sourceTree = "<group>"; };
		5757B1C128ACDB0400B5A60D /* Base */ = {isa = PBXFileReference; lastKnownFileType = file.storyboard; name = Base; path = Base.lproj/LaunchScreen.storyboard; sourceTree = "<group>"; };
		5757B1C328ACDB0400B5A60D /* Info.plist */ = {isa = PBXFileReference; lastKnownFileType = text.plist.xml; path = Info.plist; sourceTree = "<group>"; };
		5757B1CE28ACDBDA00B5A60D /* Triangle.swift */ = {isa = PBXFileReference; lastKnownFileType = sourcecode.swift; path = Triangle.swift; sourceTree = "<group>"; };
		5771FD7C28AFCCE500D18AC7 /* ResultsViewController.swift */ = {isa = PBXFileReference; lastKnownFileType = sourcecode.swift; path = ResultsViewController.swift; sourceTree = "<group>"; };
		5798EA4C28AE2128009BC07B /* SolverModel.swift */ = {isa = PBXFileReference; lastKnownFileType = sourcecode.swift; path = SolverModel.swift; sourceTree = "<group>"; };
		5798EA4E28AE7D10009BC07B /* Assets.xcassets */ = {isa = PBXFileReference; lastKnownFileType = folder.assetcatalog; path = Assets.xcassets; sourceTree = "<group>"; };
/* End PBXFileReference section */

/* Begin PBXFrameworksBuildPhase section */
		5757B1AF28ACDB0300B5A60D /* Frameworks */ = {
			isa = PBXFrameworksBuildPhase;
			buildActionMask = 2147483647;
			files = (
			);
			runOnlyForDeploymentPostprocessing = 0;
		};
/* End PBXFrameworksBuildPhase section */

/* Begin PBXGroup section */
		5757B1A928ACDB0300B5A60D = {
			isa = PBXGroup;
			children = (
				5757B1B428ACDB0300B5A60D /* TriangleSolverApp */,
				5757B1B328ACDB0300B5A60D /* Products */,
			);
			sourceTree = "<group>";
		};
		5757B1B328ACDB0300B5A60D /* Products */ = {
			isa = PBXGroup;
			children = (
				5757B1B228ACDB0300B5A60D /* TriangleSolverApp.app */,
			);
			name = Products;
			sourceTree = "<group>";
		};
		5757B1B428ACDB0300B5A60D /* TriangleSolverApp */ = {
			isa = PBXGroup;
			children = (
				5757B1B528ACDB0300B5A60D /* AppDelegate.swift */,
				5757B1B728ACDB0300B5A60D /* SceneDelegate.swift */,
				5757B1CC28ACDB3E00B5A60D /* Model */,
				5757B1CD28ACDB5300B5A60D /* View */,
				5757B1C928ACDB1F00B5A60D /* Controller */,
				5757B1C028ACDB0400B5A60D /* LaunchScreen.storyboard */,
				5798EA4E28AE7D10009BC07B /* Assets.xcassets */,
				5757B1C328ACDB0400B5A60D /* Info.plist */,
			);
			path = TriangleSolverApp;
			sourceTree = "<group>";
		};
		5757B1C928ACDB1F00B5A60D /* Controller */ = {
			isa = PBXGroup;
			children = (
				5757B1B928ACDB0300B5A60D /* SolverViewController.swift */,
				570AFDAB28AF811400EDC9C6 /* UITextField_Extension.swift */,
				5771FD7C28AFCCE500D18AC7 /* ResultsViewController.swift */,
			);
			path = Controller;
			sourceTree = "<group>";
		};
		5757B1CC28ACDB3E00B5A60D /* Model */ = {
			isa = PBXGroup;
			children = (
				5757B1CE28ACDBDA00B5A60D /* Triangle.swift */,
				5798EA4C28AE2128009BC07B /* SolverModel.swift */,
				570AFDAD28AFA84C00EDC9C6 /* SolverFunctions.swift */,
			);
			path = Model;
			sourceTree = "<group>";
		};
		5757B1CD28ACDB5300B5A60D /* View */ = {
			isa = PBXGroup;
			children = (
				5757B1BB28ACDB0300B5A60D /* Main.storyboard */,
			);
			path = View;
			sourceTree = "<group>";
		};
/* End PBXGroup section */

/* Begin PBXNativeTarget section */
		5757B1B128ACDB0300B5A60D /* TriangleSolverApp */ = {
			isa = PBXNativeTarget;
			buildConfigurationList = 5757B1C628ACDB0400B5A60D /* Build configuration list for PBXNativeTarget "TriangleSolverApp" */;
			buildPhases = (
				5757B1AE28ACDB0300B5A60D /* Sources */,
				5757B1AF28ACDB0300B5A60D /* Frameworks */,
				5757B1B028ACDB0300B5A60D /* Resources */,
			);
			buildRules = (
			);
			dependencies = (
			);
			name = TriangleSolverApp;
			productName = TriangleSolverApp;
			productReference = 5757B1B228ACDB0300B5A60D /* TriangleSolverApp.app */;
			productType = "com.apple.product-type.application";
		};
/* End PBXNativeTarget section */

/* Begin PBXProject section */
		5757B1AA28ACDB0300B5A60D /* Project object */ = {
			isa = PBXProject;
			attributes = {
				BuildIndependentTargetsInParallel = 1;
				LastSwiftUpdateCheck = 1340;
				LastUpgradeCheck = 1340;
				TargetAttributes = {
					5757B1B128ACDB0300B5A60D = {
						CreatedOnToolsVersion = 13.4.1;
					};
				};
			};
			buildConfigurationList = 5757B1AD28ACDB0300B5A60D /* Build configuration list for PBXProject "TriangleSolverApp" */;
			compatibilityVersion = "Xcode 13.0";
			developmentRegion = en;
			hasScannedForEncodings = 0;
			knownRegions = (
				en,
				Base,
			);
			mainGroup = 5757B1A928ACDB0300B5A60D;
			productRefGroup = 5757B1B328ACDB0300B5A60D /* Products */;
			projectDirPath = "";
			projectRoot = "";
			targets = (
				5757B1B128ACDB0300B5A60D /* TriangleSolverApp */,
			);
		};
/* End PBXProject section */

/* Begin PBXResourcesBuildPhase section */
		5757B1B028ACDB0300B5A60D /* Resources */ = {
			isa = PBXResourcesBuildPhase;
			buildActionMask = 2147483647;
			files = (
				5757B1C228ACDB0400B5A60D /* LaunchScreen.storyboard in Resources */,
				5798EA4F28AE7D10009BC07B /* Assets.xcassets in Resources */,
				5757B1BD28ACDB0300B5A60D /* Main.storyboard in Resources */,
			);
			runOnlyForDeploymentPostprocessing = 0;
		};
/* End PBXResourcesBuildPhase section */

/* Begin PBXSourcesBuildPhase section */
		5757B1AE28ACDB0300B5A60D /* Sources */ = {
			isa = PBXSourcesBuildPhase;
			buildActionMask = 2147483647;
			files = (
				5757B1BA28ACDB0300B5A60D /* SolverViewController.swift in Sources */,
				5757B1B628ACDB0300B5A60D /* AppDelegate.swift in Sources */,
				5757B1CF28ACDBDA00B5A60D /* Triangle.swift in Sources */,
				570AFDAC28AF811400EDC9C6 /* UITextField_Extension.swift in Sources */,
				570AFDAE28AFA84C00EDC9C6 /* SolverFunctions.swift in Sources */,
				5757B1B828ACDB0300B5A60D /* SceneDelegate.swift in Sources */,
				5798EA4D28AE2128009BC07B /* SolverModel.swift in Sources */,
				5771FD7D28AFCCE500D18AC7 /* ResultsViewController.swift in Sources */,
			);
			runOnlyForDeploymentPostprocessing = 0;
		};
/* End PBXSourcesBuildPhase section */

/* Begin PBXVariantGroup section */
		5757B1BB28ACDB0300B5A60D /* Main.storyboard */ = {
			isa = PBXVariantGroup;
			children = (
				5757B1BC28ACDB0300B5A60D /* Base */,
			);
			name = Main.storyboard;
			sourceTree = "<group>";
		};
		5757B1C028ACDB0400B5A60D /* LaunchScreen.storyboard */ = {
			isa = PBXVariantGroup;
			children = (
				5757B1C128ACDB0400B5A60D /* Base */,
			);
			name = LaunchScreen.storyboard;
			sourceTree = "<group>";
		};
/* End PBXVariantGroup section */

/* Begin XCBuildConfiguration section */
		5757B1C428ACDB0400B5A60D /* Debug */ = {
			isa = XCBuildConfiguration;
			buildSettings = {
				ALWAYS_SEARCH_USER_PATHS = NO;
				CLANG_ANALYZER_NONNULL = YES;
				CLANG_ANALYZER_NUMBER_OBJECT_CONVERSION = YES_AGGRESSIVE;
				CLANG_CXX_LANGUAGE_STANDARD = "gnu++17";
				CLANG_ENABLE_MODULES = YES;
				CLANG_ENABLE_OBJC_ARC = YES;
				CLANG_ENABLE_OBJC_WEAK = YES;
				CLANG_WARN_BLOCK_CAPTURE_AUTORELEASING = YES;
				CLANG_WARN_BOOL_CONVERSION = YES;
				CLANG_WARN_COMMA = YES;
				CLANG_WARN_CONSTANT_CONVERSION = YES;
				CLANG_WARN_DEPRECATED_OBJC_IMPLEMENTATIONS = YES;
				CLANG_WARN_DIRECT_OBJC_ISA_USAGE = YES_ERROR;
				CLANG_WARN_DOCUMENTATION_COMMENTS = YES;
				CLANG_WARN_EMPTY_BODY = YES;
				CLANG_WARN_ENUM_CONVERSION = YES;
				CLANG_WARN_INFINITE_RECURSION = YES;
				CLANG_WARN_INT_CONVERSION = YES;
				CLANG_WARN_NON_LITERAL_NULL_CONVERSION = YES;
				CLANG_WARN_OBJC_IMPLICIT_RETAIN_SELF = YES;
				CLANG_WARN_OBJC_LITERAL_CONVERSION = YES;
				CLANG_WARN_OBJC_ROOT_CLASS = YES_ERROR;
				CLANG_WARN_QUOTED_INCLUDE_IN_FRAMEWORK_HEADER = YES;
				CLANG_WARN_RANGE_LOOP_ANALYSIS = YES;
				CLANG_WARN_STRICT_PROTOTYPES = YES;
				CLANG_WARN_SUSPICIOUS_MOVE = YES;
				CLANG_WARN_UNGUARDED_AVAILABILITY = YES_AGGRESSIVE;
				CLANG_WARN_UNREACHABLE_CODE = YES;
				CLANG_WARN__DUPLICATE_METHOD_MATCH = YES;
				COPY_PHASE_STRIP = NO;
				DEBUG_INFORMATION_FORMAT = dwarf;
				ENABLE_STRICT_OBJC_MSGSEND = YES;
				ENABLE_TESTABILITY = YES;
				GCC_C_LANGUAGE_STANDARD = gnu11;
				GCC_DYNAMIC_NO_PIC = NO;
				GCC_NO_COMMON_BLOCKS = YES;
				GCC_OPTIMIZATION_LEVEL = 0;
				GCC_PREPROCESSOR_DEFINITIONS = (
					"DEBUG=1",
					"$(inherited)",
				);
				GCC_WARN_64_TO_32_BIT_CONVERSION = YES;
				GCC_WARN_ABOUT_RETURN_TYPE = YES_ERROR;
				GCC_WARN_UNDECLARED_SELECTOR = YES;
				GCC_WARN_UNINITIALIZED_AUTOS = YES_AGGRESSIVE;
				GCC_WARN_UNUSED_FUNCTION = YES;
				GCC_WARN_UNUSED_VARIABLE = YES;
				IPHONEOS_DEPLOYMENT_TARGET = 15.5;
				MTL_ENABLE_DEBUG_INFO = INCLUDE_SOURCE;
				MTL_FAST_MATH = YES;
				ONLY_ACTIVE_ARCH = YES;
				SDKROOT = iphoneos;
				SWIFT_ACTIVE_COMPILATION_CONDITIONS = DEBUG;
				SWIFT_OPTIMIZATION_LEVEL = "-Onone";
			};
			name = Debug;
		};
		5757B1C528ACDB0400B5A60D /* Release */ = {
			isa = XCBuildConfiguration;
			buildSettings = {
				ALWAYS_SEARCH_USER_PATHS = NO;
				CLANG_ANALYZER_NONNULL = YES;
				CLANG_ANALYZER_NUMBER_OBJECT_CONVERSION = YES_AGGRESSIVE;
				CLANG_CXX_LANGUAGE_STANDARD = "gnu++17";
				CLANG_ENABLE_MODULES = YES;
				CLANG_ENABLE_OBJC_ARC = YES;
				CLANG_ENABLE_OBJC_WEAK = YES;
				CLANG_WARN_BLOCK_CAPTURE_AUTORELEASING = YES;
				CLANG_WARN_BOOL_CONVERSION = YES;
				CLANG_WARN_COMMA = YES;
				CLANG_WARN_CONSTANT_CONVERSION = YES;
				CLANG_WARN_DEPRECATED_OBJC_IMPLEMENTATIONS = YES;
				CLANG_WARN_DIRECT_OBJC_ISA_USAGE = YES_ERROR;
				CLANG_WARN_DOCUMENTATION_COMMENTS = YES;
				CLANG_WARN_EMPTY_BODY = YES;
				CLANG_WARN_ENUM_CONVERSION = YES;
				CLANG_WARN_INFINITE_RECURSION = YES;
				CLANG_WARN_INT_CONVERSION = YES;
				CLANG_WARN_NON_LITERAL_NULL_CONVERSION = YES;
				CLANG_WARN_OBJC_IMPLICIT_RETAIN_SELF = YES;
				CLANG_WARN_OBJC_LITERAL_CONVERSION = YES;
				CLANG_WARN_OBJC_ROOT_CLASS = YES_ERROR;
				CLANG_WARN_QUOTED_INCLUDE_IN_FRAMEWORK_HEADER = YES;
				CLANG_WARN_RANGE_LOOP_ANALYSIS = YES;
				CLANG_WARN_STRICT_PROTOTYPES = YES;
				CLANG_WARN_SUSPICIOUS_MOVE = YES;
				CLANG_WARN_UNGUARDED_AVAILABILITY = YES_AGGRESSIVE;
				CLANG_WARN_UNREACHABLE_CODE = YES;
				CLANG_WARN__DUPLICATE_METHOD_MATCH = YES;
				COPY_PHASE_STRIP = NO;
				DEBUG_INFORMATION_FORMAT = "dwarf-with-dsym";
				ENABLE_NS_ASSERTIONS = NO;
				ENABLE_STRICT_OBJC_MSGSEND = YES;
				GCC_C_LANGUAGE_STANDARD = gnu11;
				GCC_NO_COMMON_BLOCKS = YES;
				GCC_WARN_64_TO_32_BIT_CONVERSION = YES;
				GCC_WARN_ABOUT_RETURN_TYPE = YES_ERROR;
				GCC_WARN_UNDECLARED_SELECTOR = YES;
				GCC_WARN_UNINITIALIZED_AUTOS = YES_AGGRESSIVE;
				GCC_WARN_UNUSED_FUNCTION = YES;
				GCC_WARN_UNUSED_VARIABLE = YES;
				IPHONEOS_DEPLOYMENT_TARGET = 15.5;
				MTL_ENABLE_DEBUG_INFO = NO;
				MTL_FAST_MATH = YES;
				SDKROOT = iphoneos;
				SWIFT_COMPILATION_MODE = wholemodule;
				SWIFT_OPTIMIZATION_LEVEL = "-O";
				VALIDATE_PRODUCT = YES;
			};
			name = Release;
		};
		5757B1C728ACDB0400B5A60D /* Debug */ = {
			isa = XCBuildConfiguration;
			buildSettings = {
				ASSETCATALOG_COMPILER_APPICON_NAME = AppIcon;
				ASSETCATALOG_COMPILER_GLOBAL_ACCENT_COLOR_NAME = AccentColor;
				CODE_SIGN_STYLE = Automatic;
				CURRENT_PROJECT_VERSION = 1;
				DEVELOPMENT_TEAM = 4WM6269UP4;
				GENERATE_INFOPLIST_FILE = YES;
				INFOPLIST_FILE = TriangleSolverApp/Info.plist;
				INFOPLIST_KEY_CFBundleDisplayName = "Triangle Solver";
				INFOPLIST_KEY_UIApplicationSupportsIndirectInputEvents = YES;
				INFOPLIST_KEY_UILaunchStoryboardName = LaunchScreen;
				INFOPLIST_KEY_UIMainStoryboardFile = Main;
				INFOPLIST_KEY_UISupportedInterfaceOrientations = UIInterfaceOrientationPortrait;
				INFOPLIST_KEY_UISupportedInterfaceOrientations_iPad = "UIInterfaceOrientationPortrait UIInterfaceOrientationPortraitUpsideDown UIInterfaceOrientationLandscapeLeft UIInterfaceOrientationLandscapeRight";
				INFOPLIST_KEY_UISupportedInterfaceOrientations_iPhone = "UIInterfaceOrientationPortrait UIInterfaceOrientationLandscapeLeft UIInterfaceOrientationLandscapeRight";
				IPHONEOS_DEPLOYMENT_TARGET = 15.5;
				LD_RUNPATH_SEARCH_PATHS = (
					"$(inherited)",
					"@executable_path/Frameworks",
				);
				MARKETING_VERSION = 1.0;
				PRODUCT_BUNDLE_IDENTIFIER = com.gkumarassamy.TriangleSolverApp;
				PRODUCT_NAME = "$(TARGET_NAME)";
				SWIFT_EMIT_LOC_STRINGS = YES;
				SWIFT_VERSION = 5.0;
				TARGETED_DEVICE_FAMILY = 1;
			};
			name = Debug;
		};
		5757B1C828ACDB0400B5A60D /* Release */ = {
			isa = XCBuildConfiguration;
			buildSettings = {
				ASSETCATALOG_COMPILER_APPICON_NAME = AppIcon;
				ASSETCATALOG_COMPILER_GLOBAL_ACCENT_COLOR_NAME = AccentColor;
				CODE_SIGN_STYLE = Automatic;
				CURRENT_PROJECT_VERSION = 1;
				DEVELOPMENT_TEAM = 4WM6269UP4;
				GENERATE_INFOPLIST_FILE = YES;
				INFOPLIST_FILE = TriangleSolverApp/Info.plist;
				INFOPLIST_KEY_CFBundleDisplayName = "Triangle Solver";
				INFOPLIST_KEY_UIApplicationSupportsIndirectInputEvents = YES;
				INFOPLIST_KEY_UILaunchStoryboardName = LaunchScreen;
				INFOPLIST_KEY_UIMainStoryboardFile = Main;
				INFOPLIST_KEY_UISupportedInterfaceOrientations = UIInterfaceOrientationPortrait;
				INFOPLIST_KEY_UISupportedInterfaceOrientations_iPad = "UIInterfaceOrientationPortrait UIInterfaceOrientationPortraitUpsideDown UIInterfaceOrientationLandscapeLeft UIInterfaceOrientationLandscapeRight";
				INFOPLIST_KEY_UISupportedInterfaceOrientations_iPhone = "UIInterfaceOrientationPortrait UIInterfaceOrientationLandscapeLeft UIInterfaceOrientationLandscapeRight";
				IPHONEOS_DEPLOYMENT_TARGET = 15.5;
				LD_RUNPATH_SEARCH_PATHS = (
					"$(inherited)",
					"@executable_path/Frameworks",
				);
				MARKETING_VERSION = 1.0;
				PRODUCT_BUNDLE_IDENTIFIER = com.gkumarassamy.TriangleSolverApp;
				PRODUCT_NAME = "$(TARGET_NAME)";
				SWIFT_EMIT_LOC_STRINGS = YES;
				SWIFT_VERSION = 5.0;
				TARGETED_DEVICE_FAMILY = 1;
			};
			name = Release;
		};
/* End XCBuildConfiguration section */

/* Begin XCConfigurationList section */
		5757B1AD28ACDB0300B5A60D /* Build configuration list for PBXProject "TriangleSolverApp" */ = {
			isa = XCConfigurationList;
			buildConfigurations = (
				5757B1C428ACDB0400B5A60D /* Debug */,
				5757B1C528ACDB0400B5A60D /* Release */,
			);
			defaultConfigurationIsVisible = 0;
			defaultConfigurationName = Release;
		};
		5757B1C628ACDB0400B5A60D /* Build configuration list for PBXNativeTarget "TriangleSolverApp" */ = {
			isa = XCConfigurationList;
			buildConfigurations = (
				5757B1C728ACDB0400B5A60D /* Debug */,
				5757B1C828ACDB0400B5A60D /* Release */,
			);
			defaultConfigurationIsVisible = 0;
			defaultConfigurationName = Release;
		};
/* End XCConfigurationList section */
	};
	rootObject = 5757B1AA28ACDB0300B5A60D /* Project object */;
}
